
Microsoft Visual Studio Solution File, Format Version 12.00
# Visual Studio Version 16
VisualStudioVersion = 16.0.29001.49
MinimumVisualStudioVersion = 10.0.40219.1
Project("{FAE04EC0-301F-11D3-BF4B-00C04F79EFBC}") = "SistemaBiblioteca", "SistemaBiblioteca.csproj", "{4ED21D88-B4E6-4E31-8EAA-AF2B4D389F7D}"
EndProject
Global
	GlobalSection(SolutionConfigurationPlatforms) = preSolution
		Debug|Any CPU = Debug|Any CPU
		Release|Any CPU = Release|Any CPU
	EndGlobalSection
	GlobalSection(ProjectConfigurationPlatforms) = postSolution
		{4ED21D88-B4E6-4E31-8EAA-AF2B4D389F7D}.Debug|Any CPU.ActiveCfg = Debug|Any CPU
		{4ED21D88-B4E6-4E31-8EAA-AF2B4D389F7D}.Debug|Any CPU.Build.0 = Debug|Any CPU
		{4ED21D88-B4E6-4E31-8EAA-AF2B4D389F7D}.Release|Any CPU.ActiveCfg = Release|Any CPU
		{4ED21D88-B4E6-4E31-8EAA-AF2B4D389F7D}.Release|Any CPU.Build.0 = Release|Any CPU
	EndGlobalSection
	GlobalSection(SolutionProperties) = preSolution
		HideSolutionNode = FALSE
	EndGlobalSection
	GlobalSection(ExtensibilityGlobals) = postSolution
		SolutionGuid = {8BF62254-99B5-4563-B49A-69451A35D3E5}
	EndGlobalSection
EndGlobal
